
Microsoft Visual Studio Solution File, Format Version 12.00
# Visual Studio Version 16
VisualStudioVersion = 16.0.30114.105
MinimumVisualStudioVersion = 10.0.40219.1
Project("{2150E333-8FDC-42A3-9474-1A3956D46DE8}") = "src", "src", "{50F00DC5-8313-4EA0-BEEF-C39186A25E53}"
EndProject
Project("{FAE04EC0-301F-11D3-BF4B-00C04F79EFBC}") = "NiceTry", "src\NiceTry\NiceTry.csproj", "{6FE06086-CC9D-4A25-90F0-9B9F59A11491}"
EndProject
Global
	GlobalSection(SolutionConfigurationPlatforms) = preSolution
		Debug|Any CPU = Debug|Any CPU
		Release|Any CPU = Release|Any CPU
	EndGlobalSection
	GlobalSection(SolutionProperties) = preSolution
		HideSolutionNode = FALSE
	EndGlobalSection
	GlobalSection(ProjectConfigurationPlatforms) = postSolution
		{6FE06086-CC9D-4A25-90F0-9B9F59A11491}.Debug|Any CPU.ActiveCfg = Debug|Any CPU
		{6FE06086-CC9D-4A25-90F0-9B9F59A11491}.Debug|Any CPU.Build.0 = Debug|Any CPU
		{6FE06086-CC9D-4A25-90F0-9B9F59A11491}.Release|Any CPU.ActiveCfg = Release|Any CPU
		{6FE06086-CC9D-4A25-90F0-9B9F59A11491}.Release|Any CPU.Build.0 = Release|Any CPU
	EndGlobalSection
	GlobalSection(NestedProjects) = preSolution
		{6FE06086-CC9D-4A25-90F0-9B9F59A11491} = {50F00DC5-8313-4EA0-BEEF-C39186A25E53}
	EndGlobalSection
EndGlobal
